
Microsoft Visual Studio Solution File, Format Version 12.00
Project("{FAE04EC0-301F-11D3-BF4B-00C04F79EFBC}") = "Events.Core.Api", "Events.Core.Api\Events.Core.Api.csproj", "{0049CBEC-56CC-41B7-91B4-AFA9C6F8DC45}"
EndProject
Global
	GlobalSection(SolutionConfigurationPlatforms) = preSolution
		Debug|Any CPU = Debug|Any CPU
		Release|Any CPU = Release|Any CPU
	EndGlobalSection
	GlobalSection(ProjectConfigurationPlatforms) = postSolution
		{0049CBEC-56CC-41B7-91B4-AFA9C6F8DC45}.Debug|Any CPU.ActiveCfg = Debug|Any CPU
		{0049CBEC-56CC-41B7-91B4-AFA9C6F8DC45}.Debug|Any CPU.Build.0 = Debug|Any CPU
		{0049CBEC-56CC-41B7-91B4-AFA9C6F8DC45}.Release|Any CPU.ActiveCfg = Release|Any CPU
		{0049CBEC-56CC-41B7-91B4-AFA9C6F8DC45}.Release|Any CPU.Build.0 = Release|Any CPU
	EndGlobalSection
EndGlobal
